
Microsoft Visual Studio Solution File, Format Version 12.00
# Visual Studio Version 17
VisualStudioVersion = 17.8.34525.116
MinimumVisualStudioVersion = 10.0.40219.1
Project("{FAE04EC0-301F-11D3-BF4B-00C04F79EFBC}") = "line", "line\line.csproj", "{5A94506A-738F-468D-B55E-FAF96D8094CD}"
EndProject
Global
	GlobalSection(SolutionConfigurationPlatforms) = preSolution
		Debug|Any CPU = Debug|Any CPU
		Release|Any CPU = Release|Any CPU
	EndGlobalSection
	GlobalSection(ProjectConfigurationPlatforms) = postSolution
		{5A94506A-738F-468D-B55E-FAF96D8094CD}.Debug|Any CPU.ActiveCfg = Debug|Any CPU
		{5A94506A-738F-468D-B55E-FAF96D8094CD}.Debug|Any CPU.Build.0 = Debug|Any CPU
		{5A94506A-738F-468D-B55E-FAF96D8094CD}.Release|Any CPU.ActiveCfg = Release|Any CPU
		{5A94506A-738F-468D-B55E-FAF96D8094CD}.Release|Any CPU.Build.0 = Release|Any CPU
	EndGlobalSection
	GlobalSection(SolutionProperties) = preSolution
		HideSolutionNode = FALSE
	EndGlobalSection
	GlobalSection(ExtensibilityGlobals) = postSolution
		SolutionGuid = {11C383E0-9E83-4099-844A-B716A46E4A80}
	EndGlobalSection
EndGlobal
